
Microsoft Visual Studio Solution File, Format Version 12.00
# Visual Studio 15
VisualStudioVersion = 15.0.28307.1622
MinimumVisualStudioVersion = 10.0.40219.1
Project("{FAE04EC0-301F-11D3-BF4B-00C04F79EFBC}") = "RektClassEditor", "RektClassEditor\RektClassEditor.csproj", "{A13802A3-3293-46A1-AE0D-E8FB4F2D323F}"
EndProject
Global
	GlobalSection(SolutionConfigurationPlatforms) = preSolution
		Debug|Any CPU = Debug|Any CPU
		Release|Any CPU = Release|Any CPU
	EndGlobalSection
	GlobalSection(ProjectConfigurationPlatforms) = postSolution
		{A13802A3-3293-46A1-AE0D-E8FB4F2D323F}.Debug|Any CPU.ActiveCfg = Debug|Any CPU
		{A13802A3-3293-46A1-AE0D-E8FB4F2D323F}.Debug|Any CPU.Build.0 = Debug|Any CPU
		{A13802A3-3293-46A1-AE0D-E8FB4F2D323F}.Release|Any CPU.ActiveCfg = Release|Any CPU
		{A13802A3-3293-46A1-AE0D-E8FB4F2D323F}.Release|Any CPU.Build.0 = Release|Any CPU
	EndGlobalSection
	GlobalSection(SolutionProperties) = preSolution
		HideSolutionNode = FALSE
	EndGlobalSection
	GlobalSection(ExtensibilityGlobals) = postSolution
		SolutionGuid = {0E3134F0-E462-46B2-A62B-1CD844D04631}
	EndGlobalSection
EndGlobal
